
Microsoft Visual Studio Solution File, Format Version 12.00
# Visual Studio Version 17
VisualStudioVersion = 17.2.32519.379
MinimumVisualStudioVersion = 10.0.40219.1
Project("{FAE04EC0-301F-11D3-BF4B-00C04F79EFBC}") = "WebAppManageUsers", "WebAppManageUsers\WebAppManageUsers.csproj", "{9411A942-6F56-4C4D-B183-5086C6515A53}"
EndProject
Global
	GlobalSection(SolutionConfigurationPlatforms) = preSolution
		Debug|Any CPU = Debug|Any CPU
		Release|Any CPU = Release|Any CPU
	EndGlobalSection
	GlobalSection(ProjectConfigurationPlatforms) = postSolution
		{9411A942-6F56-4C4D-B183-5086C6515A53}.Debug|Any CPU.ActiveCfg = Debug|Any CPU
		{9411A942-6F56-4C4D-B183-5086C6515A53}.Debug|Any CPU.Build.0 = Debug|Any CPU
		{9411A942-6F56-4C4D-B183-5086C6515A53}.Release|Any CPU.ActiveCfg = Release|Any CPU
		{9411A942-6F56-4C4D-B183-5086C6515A53}.Release|Any CPU.Build.0 = Release|Any CPU
	EndGlobalSection
	GlobalSection(SolutionProperties) = preSolution
		HideSolutionNode = FALSE
	EndGlobalSection
	GlobalSection(ExtensibilityGlobals) = postSolution
		SolutionGuid = {19122220-5579-40FA-BDC4-1900083C6728}
	EndGlobalSection
EndGlobal
